
Microsoft Visual Studio Solution File, Format Version 12.00
# Visual Studio Version 16
VisualStudioVersion = 16.0.30011.22
MinimumVisualStudioVersion = 10.0.40219.1
Project("{FAE04EC0-301F-11D3-BF4B-00C04F79EFBC}") = "BookParser", "BookParser\BookParser.csproj", "{50581E15-7D43-4983-891E-3207DD2814FE}"
EndProject
Global
	GlobalSection(SolutionConfigurationPlatforms) = preSolution
		Debug|Any CPU = Debug|Any CPU
		Release|Any CPU = Release|Any CPU
	EndGlobalSection
	GlobalSection(ProjectConfigurationPlatforms) = postSolution
		{50581E15-7D43-4983-891E-3207DD2814FE}.Debug|Any CPU.ActiveCfg = Debug|Any CPU
		{50581E15-7D43-4983-891E-3207DD2814FE}.Debug|Any CPU.Build.0 = Debug|Any CPU
		{50581E15-7D43-4983-891E-3207DD2814FE}.Release|Any CPU.ActiveCfg = Release|Any CPU
		{50581E15-7D43-4983-891E-3207DD2814FE}.Release|Any CPU.Build.0 = Release|Any CPU
	EndGlobalSection
	GlobalSection(SolutionProperties) = preSolution
		HideSolutionNode = FALSE
	EndGlobalSection
	GlobalSection(ExtensibilityGlobals) = postSolution
		SolutionGuid = {11DEE3E3-E350-4B91-9FB8-EABD30EAF144}
	EndGlobalSection
EndGlobal
